# THIS IS AN AUTOGENERATED FILE. DO NOT EDIT THIS FILE DIRECTLY.
# yarn lockfile v1


react-use-geolocation@^0.1.1:
  version "0.1.1"
  resolved "https://registry.yarnpkg.com/react-use-geolocation/-/react-use-geolocation-0.1.1.tgz#249d60162887e62dcf388fcbf6cd8fe362d1186e"
  integrity sha512-x9L0HC1o/g0emakmyCTT51tY8qGZ43AVf9XDe89s8B5eqe+BFlW54YkAy+Q7E0jhb3O1n993Qws07+qeHrpszg==
